
Microsoft Visual Studio Solution File, Format Version 12.00
# Visual Studio Version 16
VisualStudioVersion = 16.0.31019.35
MinimumVisualStudioVersion = 10.0.40219.1
Project("{FAE04EC0-301F-11D3-BF4B-00C04F79EFBC}") = "TestBehavioralDesignPatterns", "TestBehavioralDesignPatterns\TestBehavioralDesignPatterns.csproj", "{E0139113-A37C-4381-930E-617EEF32B023}"
EndProject
Project("{FAE04EC0-301F-11D3-BF4B-00C04F79EFBC}") = "ChainOfResponsibilityDesignPattern", "ChainOfResponsibilityDesignPattern\ChainOfResponsibilityDesignPattern.csproj", "{B589B5CC-3CEA-4826-B3C5-003E5BD51614}"
EndProject
Global
	GlobalSection(SolutionConfigurationPlatforms) = preSolution
		Debug|Any CPU = Debug|Any CPU
		Release|Any CPU = Release|Any CPU
	EndGlobalSection
	GlobalSection(ProjectConfigurationPlatforms) = postSolution
		{E0139113-A37C-4381-930E-617EEF32B023}.Debug|Any CPU.ActiveCfg = Debug|Any CPU
		{E0139113-A37C-4381-930E-617EEF32B023}.Debug|Any CPU.Build.0 = Debug|Any CPU
		{E0139113-A37C-4381-930E-617EEF32B023}.Release|Any CPU.ActiveCfg = Release|Any CPU
		{E0139113-A37C-4381-930E-617EEF32B023}.Release|Any CPU.Build.0 = Release|Any CPU
		{B589B5CC-3CEA-4826-B3C5-003E5BD51614}.Debug|Any CPU.ActiveCfg = Debug|Any CPU
		{B589B5CC-3CEA-4826-B3C5-003E5BD51614}.Debug|Any CPU.Build.0 = Debug|Any CPU
		{B589B5CC-3CEA-4826-B3C5-003E5BD51614}.Release|Any CPU.ActiveCfg = Release|Any CPU
		{B589B5CC-3CEA-4826-B3C5-003E5BD51614}.Release|Any CPU.Build.0 = Release|Any CPU
	EndGlobalSection
	GlobalSection(SolutionProperties) = preSolution
		HideSolutionNode = FALSE
	EndGlobalSection
	GlobalSection(ExtensibilityGlobals) = postSolution
		SolutionGuid = {CED13547-76CC-45F2-B918-58D2F5DF6001}
	EndGlobalSection
EndGlobal
